
Microsoft Visual Studio Solution File, Format Version 12.00
# Visual Studio Version 16
VisualStudioVersion = 16.0.31424.327
MinimumVisualStudioVersion = 10.0.40219.1
Project("{FAE04EC0-301F-11D3-BF4B-00C04F79EFBC}") = "at2tri", "at2tri\at2tri.csproj", "{F7ECA7A8-6D77-45D9-8EA7-0CDFF3CD7AB6}"
EndProject
Global
	GlobalSection(SolutionConfigurationPlatforms) = preSolution
		Debug|Any CPU = Debug|Any CPU
		Release|Any CPU = Release|Any CPU
	EndGlobalSection
	GlobalSection(ProjectConfigurationPlatforms) = postSolution
		{F7ECA7A8-6D77-45D9-8EA7-0CDFF3CD7AB6}.Debug|Any CPU.ActiveCfg = Debug|Any CPU
		{F7ECA7A8-6D77-45D9-8EA7-0CDFF3CD7AB6}.Debug|Any CPU.Build.0 = Debug|Any CPU
		{F7ECA7A8-6D77-45D9-8EA7-0CDFF3CD7AB6}.Release|Any CPU.ActiveCfg = Release|Any CPU
		{F7ECA7A8-6D77-45D9-8EA7-0CDFF3CD7AB6}.Release|Any CPU.Build.0 = Release|Any CPU
	EndGlobalSection
	GlobalSection(SolutionProperties) = preSolution
		HideSolutionNode = FALSE
	EndGlobalSection
	GlobalSection(ExtensibilityGlobals) = postSolution
		SolutionGuid = {BB09E750-8EC4-415D-8540-953111F05B67}
	EndGlobalSection
EndGlobal
